# This file is generated by running "yarn install" inside your project.
# Manual changes might be lost - proceed with caution!

__metadata:
  version: 4
  cacheKey: 8

"@replygirl/change-case-object@workspace:.":
  version: 0.0.0-use.local
  resolution: "@replygirl/change-case-object@workspace:."
  dependencies:
    "@types/node": ^14.0.27
    change-case: ^4.1.1
    typescript: ^4.0.0
  languageName: unknown
  linkType: soft

"@types/node@npm:^14.0.27":
  version: 14.14.9
  resolution: "@types/node@npm:14.14.9"
  checksum: fbda42840aadc5b979f438a2e4c79c1d85d16222d758e58f7a2355a94b06be9da6b2b35603e0daeac115c69d3e3b334d03a5da40ab9c5ba48b75a3946a9854d8
  languageName: node
  linkType: hard

"camel-case@npm:^4.1.1":
  version: 4.1.1
  resolution: "camel-case@npm:4.1.1"
  dependencies:
    pascal-case: ^3.1.1
    tslib: ^1.10.0
  checksum: ba996819910deedd18d268b1bf0df38fe3745f8f5c9f377a95a2dfad5ebe420c255272271b95b57d37270bfcc19aac2b5984d5078509cf862e5279c063f3cbc9
  languageName: node
  linkType: hard

"capital-case@npm:^1.0.3":
  version: 1.0.3
  resolution: "capital-case@npm:1.0.3"
  dependencies:
    no-case: ^3.0.3
    tslib: ^1.10.0
    upper-case-first: ^2.0.1
  checksum: 821fa640c3260301d18d50abf4be2484b6c484eb4499f0ded08bd8e30f9c033c9c8c1f21c31da4061e44b82b187bcd369045aff9e394e194726ec4c3152ecd1e
  languageName: node
  linkType: hard

"change-case@npm:^4.1.1":
  version: 4.1.1
  resolution: "change-case@npm:4.1.1"
  dependencies:
    camel-case: ^4.1.1
    capital-case: ^1.0.3
    constant-case: ^3.0.3
    dot-case: ^3.0.3
    header-case: ^2.0.3
    no-case: ^3.0.3
    param-case: ^3.0.3
    pascal-case: ^3.1.1
    path-case: ^3.0.3
    sentence-case: ^3.0.3
    snake-case: ^3.0.3
    tslib: ^1.10.0
  checksum: 442c96951b2d576b504ca262ab9afbee5109952c98ed9785a4d0635d7e3bc7df6242b54d337a9b5ad2c068bfae26416e216041837cc3606a145dc0ab34972d4f
  languageName: node
  linkType: hard

"constant-case@npm:^3.0.3":
  version: 3.0.3
  resolution: "constant-case@npm:3.0.3"
  dependencies:
    no-case: ^3.0.3
    tslib: ^1.10.0
    upper-case: ^2.0.1
  checksum: d0fdb7ba5f960ffa6ab6fc17a3a31c162a0d5d62f84c1f24993fd26caffbcdd15a81118c38a76c5a8518b358a5ad9c4a722b1dd748dde88257009141dd88a0f2
  languageName: node
  linkType: hard

"dot-case@npm:^3.0.3":
  version: 3.0.3
  resolution: "dot-case@npm:3.0.3"
  dependencies:
    no-case: ^3.0.3
    tslib: ^1.10.0
  checksum: d47f6b6aab0074e80323370802162a1ba52cf98d281330673fb6f8ac2d3933222251e503e4a9342e3bcce8974ac53eb2c61f4c07e3e64fb825e3ca848c278cf3
  languageName: node
  linkType: hard

"header-case@npm:^2.0.3":
  version: 2.0.3
  resolution: "header-case@npm:2.0.3"
  dependencies:
    capital-case: ^1.0.3
    tslib: ^1.10.0
  checksum: efafed5a52c63bdf90e863e281bd292dea31ed2525a17add9d1e262a2ad6e8bfff57d81d535851f21965d2e877f367c5cffdb4355c266e3e237d207b1a06d0b0
  languageName: node
  linkType: hard

"lower-case@npm:^2.0.1":
  version: 2.0.1
  resolution: "lower-case@npm:2.0.1"
  dependencies:
    tslib: ^1.10.0
  checksum: 3ec80a067c1e053eee323bdc040317cc629e59ee5a6248fa5c62d7fb0f8fe4eda1b2cfb4725f7428f542b45dcc7d35a3f4a98fef8b4b47de668109a79dd478d8
  languageName: node
  linkType: hard

"no-case@npm:^3.0.3":
  version: 3.0.3
  resolution: "no-case@npm:3.0.3"
  dependencies:
    lower-case: ^2.0.1
    tslib: ^1.10.0
  checksum: 1dc335f63b854833e9425f73720bedb4fcd85b06cb33768aedce826e2c3ed2718dc7cb222e0e24d296adfd16c66af3a7c1764c9618bec5f5b223520cfae8d5c8
  languageName: node
  linkType: hard

"param-case@npm:^3.0.3":
  version: 3.0.3
  resolution: "param-case@npm:3.0.3"
  dependencies:
    dot-case: ^3.0.3
    tslib: ^1.10.0
  checksum: aff6a8fb1e0a271fc9ee366a39eb33d8cb9302f62c000a06f37fe8c8ed47970fb272d8f899749ee51d46b2b73e8f5daa471fc9c45ce4669d763d1baf1c2668e8
  languageName: node
  linkType: hard

"pascal-case@npm:^3.1.1":
  version: 3.1.1
  resolution: "pascal-case@npm:3.1.1"
  dependencies:
    no-case: ^3.0.3
    tslib: ^1.10.0
  checksum: 7e37861305c19d1021f0d2f9f03802372579a44315a5c3ae4157d91dbc05340ee6a54b06ef4f6d85ce124d810e1bd25b039c2b5f7100eee91561d348307d7b8c
  languageName: node
  linkType: hard

"path-case@npm:^3.0.3":
  version: 3.0.3
  resolution: "path-case@npm:3.0.3"
  dependencies:
    dot-case: ^3.0.3
    tslib: ^1.10.0
  checksum: e514553578ce29a57dcc0d2a2cef44a29020803b6f56d14a4f33ce8515339c87383668eb6044b49e70a086fc80fc21d26657715bc37b2c5a70f246e032d7328e
  languageName: node
  linkType: hard

"sentence-case@npm:^3.0.3":
  version: 3.0.3
  resolution: "sentence-case@npm:3.0.3"
  dependencies:
    no-case: ^3.0.3
    tslib: ^1.10.0
    upper-case-first: ^2.0.1
  checksum: d83791d3c49acd99387ae024806e81b2f3e29d31d03d16c89acea291951b4cdd8f503e323c4a17f3c092464a9f855223f87b9d6dd414b4a2f0191d6662dcb472
  languageName: node
  linkType: hard

"snake-case@npm:^3.0.3":
  version: 3.0.3
  resolution: "snake-case@npm:3.0.3"
  dependencies:
    dot-case: ^3.0.3
    tslib: ^1.10.0
  checksum: b0e4c2dd0cec4e85a9811cc84bd11d311d74b7ebda10d515f95ac86599b3ef2b627c9fd18fb0823dca4182680c96aba50fc2704e37e381fcc923f93d5b302172
  languageName: node
  linkType: hard

"tslib@npm:^1.10.0":
  version: 1.13.0
  resolution: "tslib@npm:1.13.0"
  checksum: 50e9327361f94f328c0715582a7f725f69838ab3c2559d143643c5367262fe14552768ba8cfc65bc7dc924a619aea599b3a28b6653458cdca77bbebaf9bc8df4
  languageName: node
  linkType: hard

typescript@^4.0.0:
  version: 4.1.2
  resolution: "typescript@npm:4.1.2"
  bin:
    tsc: bin/tsc
    tsserver: bin/tsserver
  checksum: a0bd309f001592b400a9e7ee3a6efe557cdd1a6bc84ebbfdaa179f994185e5276a1ea30e248d7139df08eee8ad2aa30b6108c27a9dd3b524a5e1c5669e25399e
  languageName: node
  linkType: hard

"typescript@patch:typescript@^4.0.0#~builtin<compat/typescript>":
  version: 4.1.2
  resolution: "typescript@patch:typescript@npm%3A4.1.2#~builtin<compat/typescript>::version=4.1.2&hash=32657b"
  bin:
    tsc: bin/tsc
    tsserver: bin/tsserver
  checksum: 5c5b61a411c90c728487f178bc268b4bdedc3560baed239f9a8649e912ff16147982540b5e16aeee367e18ae42697fde7db717503e85051237b0f9b6562efa7a
  languageName: node
  linkType: hard

"upper-case-first@npm:^2.0.1":
  version: 2.0.1
  resolution: "upper-case-first@npm:2.0.1"
  dependencies:
    tslib: ^1.10.0
  checksum: d8c6afc6b066a519fe56f35f85bf11f12281b155e64e23a40025179d12f1df08660ef4982e56a10592f7eac346a451215382e1fbaab76e2fb0e4080ae9d253d6
  languageName: node
  linkType: hard

"upper-case@npm:^2.0.1":
  version: 2.0.1
  resolution: "upper-case@npm:2.0.1"
  dependencies:
    tslib: ^1.10.0
  checksum: 024cb80ec20a9c89e19466a2c5499ff79058a9f642913884d16d915d3d5cf59594eed5625266b5769d4cfe0b4408f27533c95c73e22d1f35502f045f2ab84d2c
  languageName: node
  linkType: hard
